// !$*UTF8*$!
{
	archiveVersion = 1;
	classes = {
	};
	objectVersion = 77;
	objects = {

/* Begin PBXBuildFile section */
		483E422F2FED9D29000AA049 /* Resources/Assets.xcassets in Resources */ = {isa = PBXBuildFile; fileRef = 483E42272FED9D29000AA049 /* Resources/Assets.xcassets */; };
		JP0000010000000000000001 /* GlassCard.swift in Sources */ = {isa = PBXBuildFile; fileRef = JP0000010000000000000011 /* GlassCard.swift */; };
		JP0000010000000000000002 /* MetricCard.swift in Sources */ = {isa = PBXBuildFile; fileRef = JP0000010000000000000012 /* MetricCard.swift */; };
		JP0000010000000000000003 /* SectionHeader.swift in Sources */ = {isa = PBXBuildFile; fileRef = JP0000010000000000000013 /* SectionHeader.swift */; };
		JP0000010000000000000004 /* DashboardViewModel.swift in Sources */ = {isa = PBXBuildFile; fileRef = JP0000010000000000000014 /* DashboardViewModel.swift */; };
		JP0000010000000000000005 /* TradeViewModel.swift in Sources */ = {isa = PBXBuildFile; fileRef = JP0000010000000000000015 /* TradeViewModel.swift */; };
		JP0000010000000000000006 /* TradeRepository.swift in Sources */ = {isa = PBXBuildFile; fileRef = JP0000010000000000000016 /* TradeRepository.swift */; };
		JP0000010000000000000007 /* TradeDetailViewModel.swift in Sources */ = {isa = PBXBuildFile; fileRef = JP0000010000000000000017 /* TradeDetailViewModel.swift */; };
		JP0000010000000000000008 /* AnalyticsViewModel.swift in Sources */ = {isa = PBXBuildFile; fileRef = JP0000010000000000000018 /* AnalyticsViewModel.swift */; };
		JP0000010000000000000009 /* PlanRepository.swift in Sources */ = {isa = PBXBuildFile; fileRef = JP0000010000000000000019 /* PlanRepository.swift */; };
		JP000001000000000000000A /* PlanViewModel.swift in Sources */ = {isa = PBXBuildFile; fileRef = JP000001000000000000001A /* PlanViewModel.swift */; };
		JP000001000000000000000B /* SettingsViewModel.swift in Sources */ = {isa = PBXBuildFile; fileRef = JP000001000000000000001B /* SettingsViewModel.swift */; };
		JP000001000000000000000C /* AITradeCoachViewModel.swift in Sources */ = {isa = PBXBuildFile; fileRef = JP000001000000000000001C /* AITradeCoachViewModel.swift */; };
		JP000001000000000000000D /* ReportViewModel.swift in Sources */ = {isa = PBXBuildFile; fileRef = JP000001000000000000001D /* ReportViewModel.swift */; };
		JP000001000000000000000E /* ReportGenerator.swift in Sources */ = {isa = PBXBuildFile; fileRef = JP000001000000000000001E /* ReportGenerator.swift */; };
		JP000001000000000000000F /* PDFExportService.swift in Sources */ = {isa = PBXBuildFile; fileRef = JP000001000000000000001F /* PDFExportService.swift */; };
		JP0000010000000000000020 /* AuthService.swift in Sources */ = {isa = PBXBuildFile; fileRef = JP0000010000000000000030 /* AuthService.swift */; };
		JP0000010000000000000021 /* KeychainService.swift in Sources */ = {isa = PBXBuildFile; fileRef = JP0000010000000000000031 /* KeychainService.swift */; };
		JP0000010000000000000022 /* SubscriptionManager.swift in Sources */ = {isa = PBXBuildFile; fileRef = JP0000010000000000000032 /* SubscriptionManager.swift */; };
		JP0000010000000000000023 /* SupabaseConfig.swift in Sources */ = {isa = PBXBuildFile; fileRef = JP0000010000000000000033 /* SupabaseConfig.swift */; };
		JP0000010000000000000024 /* SyncService.swift in Sources */ = {isa = PBXBuildFile; fileRef = JP0000010000000000000034 /* SyncService.swift */; };
		JP0000010000000000000025 /* AuthViewModel.swift in Sources */ = {isa = PBXBuildFile; fileRef = JP0000010000000000000035 /* AuthViewModel.swift */; };
		JP0000010000000000000026 /* SyncViewModel.swift in Sources */ = {isa = PBXBuildFile; fileRef = JP0000010000000000000036 /* SyncViewModel.swift */; };
		JP0000010000000000000027 /* Supabase in Frameworks */ = {isa = PBXBuildFile; productRef = JP0000010000000000000040 /* Supabase */; };
		JP0000010000000000000028 /* TradeReplayViewModel.swift in Sources */ = {isa = PBXBuildFile; fileRef = JP0000010000000000000037 /* TradeReplayViewModel.swift */; };
		JP0000010000000000000050 /* DisciplineViewModel.swift in Sources */ = {isa = PBXBuildFile; fileRef = JP0000010000000000000060 /* DisciplineViewModel.swift */; };
		JP0000010000000000000051 /* DisciplineTracker.swift in Sources */ = {isa = PBXBuildFile; fileRef = JP0000010000000000000061 /* DisciplineTracker.swift */; };
		JP0000010000000000000052 /* RingProgressView.swift in Sources */ = {isa = PBXBuildFile; fileRef = JP0000010000000000000062 /* RingProgressView.swift */; };
		JP0000010000000000000053 /* AchievementBadgeView.swift in Sources */ = {isa = PBXBuildFile; fileRef = JP0000010000000000000063 /* AchievementBadgeView.swift */; };
		JP0000010000000000000054 /* PremiumPolish.swift in Sources */ = {isa = PBXBuildFile; fileRef = JP0000010000000000000064 /* PremiumPolish.swift */; };
		JP0000010000000000000055 /* AIService.swift in Sources */ = {isa = PBXBuildFile; fileRef = JP0000010000000000000065 /* AIService.swift */; };
		JP0000010000000000000056 /* AIReviewRequest.swift in Sources */ = {isa = PBXBuildFile; fileRef = JP0000010000000000000066 /* AIReviewRequest.swift */; };
		JP0000010000000000000057 /* InsightRepository.swift in Sources */ = {isa = PBXBuildFile; fileRef = JP0000010000000000000067 /* InsightRepository.swift */; };
		JP0000010000000000000058 /* IntelligenceEngine.swift in Sources */ = {isa = PBXBuildFile; fileRef = JP0000010000000000000068 /* IntelligenceEngine.swift */; };
		JP0000010000000000000059 /* InsightViewModel.swift in Sources */ = {isa = PBXBuildFile; fileRef = JP0000010000000000000069 /* InsightViewModel.swift */; };
		JP000001000000000000005A /* InsightCard.swift in Sources */ = {isa = PBXBuildFile; fileRef = JP000001000000000000006A /* InsightCard.swift */; };
		JP000001000000000000005B /* ProductionHealthService.swift in Sources */ = {isa = PBXBuildFile; fileRef = JP000001000000000000006B /* ProductionHealthService.swift */; };
		JP000001000000000000005C /* VisionAnalysisService.swift in Sources */ = {isa = PBXBuildFile; fileRef = JP000001000000000000006C /* VisionAnalysisService.swift */; };
		JP000001000000000000005D /* AIBackendConfiguration.swift in Sources */ = {isa = PBXBuildFile; fileRef = JP000001000000000000006D /* AIBackendConfiguration.swift */; };
		JP000001000000000000005E /* AIBackendService.swift in Sources */ = {isa = PBXBuildFile; fileRef = JP000001000000000000006E /* AIBackendService.swift */; };
		JP000001000000000000005F /* VisionPromptBuilder.swift in Sources */ = {isa = PBXBuildFile; fileRef = JP000001000000000000006F /* VisionPromptBuilder.swift */; };
		JP0000010000000000000070 /* SwiftDataStoreManager.swift in Sources */ = {isa = PBXBuildFile; fileRef = JP0000010000000000000071 /* SwiftDataStoreManager.swift */; };
/* End PBXBuildFile section */

/* Begin PBXFileReference section */
		483E42002FED9962000AA049 /* Journaling Pips.app */ = {isa = PBXFileReference; explicitFileType = wrapper.application; includeInIndex = 0; path = "Journaling Pips.app"; sourceTree = BUILT_PRODUCTS_DIR; };
		483E42272FED9D29000AA049 /* Resources/Assets.xcassets */ = {isa = PBXFileReference; lastKnownFileType = folder.assetcatalog; path = Resources/Assets.xcassets; sourceTree = "<group>"; };
		JP0000010000000000000011 /* GlassCard.swift */ = {isa = PBXFileReference; lastKnownFileType = sourcecode.swift; path = GlassCard.swift; sourceTree = "<group>"; };
		JP0000010000000000000012 /* MetricCard.swift */ = {isa = PBXFileReference; lastKnownFileType = sourcecode.swift; path = MetricCard.swift; sourceTree = "<group>"; };
		JP0000010000000000000013 /* SectionHeader.swift */ = {isa = PBXFileReference; lastKnownFileType = sourcecode.swift; path = SectionHeader.swift; sourceTree = "<group>"; };
		JP0000010000000000000014 /* DashboardViewModel.swift */ = {isa = PBXFileReference; lastKnownFileType = sourcecode.swift; path = DashboardViewModel.swift; sourceTree = "<group>"; };
		JP0000010000000000000015 /* TradeViewModel.swift */ = {isa = PBXFileReference; lastKnownFileType = sourcecode.swift; path = TradeViewModel.swift; sourceTree = "<group>"; };
		JP0000010000000000000016 /* TradeRepository.swift */ = {isa = PBXFileReference; lastKnownFileType = sourcecode.swift; path = TradeRepository.swift; sourceTree = "<group>"; };
		JP0000010000000000000017 /* TradeDetailViewModel.swift */ = {isa = PBXFileReference; lastKnownFileType = sourcecode.swift; path = TradeDetailViewModel.swift; sourceTree = "<group>"; };
		JP0000010000000000000018 /* AnalyticsViewModel.swift */ = {isa = PBXFileReference; lastKnownFileType = sourcecode.swift; path = AnalyticsViewModel.swift; sourceTree = "<group>"; };
		JP0000010000000000000019 /* PlanRepository.swift */ = {isa = PBXFileReference; lastKnownFileType = sourcecode.swift; path = PlanRepository.swift; sourceTree = "<group>"; };
		JP000001000000000000001A /* PlanViewModel.swift */ = {isa = PBXFileReference; lastKnownFileType = sourcecode.swift; path = PlanViewModel.swift; sourceTree = "<group>"; };
		JP000001000000000000001B /* SettingsViewModel.swift */ = {isa = PBXFileReference; lastKnownFileType = sourcecode.swift; path = SettingsViewModel.swift; sourceTree = "<group>"; };
		JP000001000000000000001C /* AITradeCoachViewModel.swift */ = {isa = PBXFileReference; lastKnownFileType = sourcecode.swift; path = AITradeCoachViewModel.swift; sourceTree = "<group>"; };
		JP000001000000000000001D /* ReportViewModel.swift */ = {isa = PBXFileReference; lastKnownFileType = sourcecode.swift; path = ReportViewModel.swift; sourceTree = "<group>"; };
		JP000001000000000000001E /* ReportGenerator.swift */ = {isa = PBXFileReference; lastKnownFileType = sourcecode.swift; path = ReportGenerator.swift; sourceTree = "<group>"; };
		JP000001000000000000001F /* PDFExportService.swift */ = {isa = PBXFileReference; lastKnownFileType = sourcecode.swift; path = PDFExportService.swift; sourceTree = "<group>"; };
		JP0000010000000000000030 /* AuthService.swift */ = {isa = PBXFileReference; lastKnownFileType = sourcecode.swift; path = AuthService.swift; sourceTree = "<group>"; };
		JP0000010000000000000031 /* KeychainService.swift */ = {isa = PBXFileReference; lastKnownFileType = sourcecode.swift; path = KeychainService.swift; sourceTree = "<group>"; };
		JP0000010000000000000032 /* SubscriptionManager.swift */ = {isa = PBXFileReference; lastKnownFileType = sourcecode.swift; path = SubscriptionManager.swift; sourceTree = "<group>"; };
		JP0000010000000000000033 /* SupabaseConfig.swift */ = {isa = PBXFileReference; lastKnownFileType = sourcecode.swift; path = SupabaseConfig.swift; sourceTree = "<group>"; };
		JP0000010000000000000034 /* SyncService.swift */ = {isa = PBXFileReference; lastKnownFileType = sourcecode.swift; path = SyncService.swift; sourceTree = "<group>"; };
		JP0000010000000000000035 /* AuthViewModel.swift */ = {isa = PBXFileReference; lastKnownFileType = sourcecode.swift; path = AuthViewModel.swift; sourceTree = "<group>"; };
		JP0000010000000000000036 /* SyncViewModel.swift */ = {isa = PBXFileReference; lastKnownFileType = sourcecode.swift; path = SyncViewModel.swift; sourceTree = "<group>"; };
		JP0000010000000000000037 /* TradeReplayViewModel.swift */ = {isa = PBXFileReference; lastKnownFileType = sourcecode.swift; path = TradeReplayViewModel.swift; sourceTree = "<group>"; };
		JP0000010000000000000060 /* DisciplineViewModel.swift */ = {isa = PBXFileReference; lastKnownFileType = sourcecode.swift; path = DisciplineViewModel.swift; sourceTree = "<group>"; };
		JP0000010000000000000061 /* DisciplineTracker.swift */ = {isa = PBXFileReference; lastKnownFileType = sourcecode.swift; path = DisciplineTracker.swift; sourceTree = "<group>"; };
		JP0000010000000000000062 /* RingProgressView.swift */ = {isa = PBXFileReference; lastKnownFileType = sourcecode.swift; path = RingProgressView.swift; sourceTree = "<group>"; };
		JP0000010000000000000063 /* AchievementBadgeView.swift */ = {isa = PBXFileReference; lastKnownFileType = sourcecode.swift; path = AchievementBadgeView.swift; sourceTree = "<group>"; };
		JP0000010000000000000064 /* PremiumPolish.swift */ = {isa = PBXFileReference; lastKnownFileType = sourcecode.swift; path = PremiumPolish.swift; sourceTree = "<group>"; };
		JP0000010000000000000065 /* AIService.swift */ = {isa = PBXFileReference; lastKnownFileType = sourcecode.swift; path = AIService.swift; sourceTree = "<group>"; };
		JP0000010000000000000066 /* AIReviewRequest.swift */ = {isa = PBXFileReference; lastKnownFileType = sourcecode.swift; path = AIReviewRequest.swift; sourceTree = "<group>"; };
		JP0000010000000000000067 /* InsightRepository.swift */ = {isa = PBXFileReference; lastKnownFileType = sourcecode.swift; path = InsightRepository.swift; sourceTree = "<group>"; };
		JP0000010000000000000068 /* IntelligenceEngine.swift */ = {isa = PBXFileReference; lastKnownFileType = sourcecode.swift; path = IntelligenceEngine.swift; sourceTree = "<group>"; };
		JP0000010000000000000069 /* InsightViewModel.swift */ = {isa = PBXFileReference; lastKnownFileType = sourcecode.swift; path = InsightViewModel.swift; sourceTree = "<group>"; };
		JP000001000000000000006A /* InsightCard.swift */ = {isa = PBXFileReference; lastKnownFileType = sourcecode.swift; path = InsightCard.swift; sourceTree = "<group>"; };
		JP000001000000000000006B /* ProductionHealthService.swift */ = {isa = PBXFileReference; lastKnownFileType = sourcecode.swift; path = ProductionHealthService.swift; sourceTree = "<group>"; };
		JP000001000000000000006C /* VisionAnalysisService.swift */ = {isa = PBXFileReference; lastKnownFileType = sourcecode.swift; path = VisionAnalysisService.swift; sourceTree = "<group>"; };
		JP000001000000000000006D /* AIBackendConfiguration.swift */ = {isa = PBXFileReference; lastKnownFileType = sourcecode.swift; path = AIBackendConfiguration.swift; sourceTree = "<group>"; };
		JP000001000000000000006E /* AIBackendService.swift */ = {isa = PBXFileReference; lastKnownFileType = sourcecode.swift; path = AIBackendService.swift; sourceTree = "<group>"; };
		JP000001000000000000006F /* VisionPromptBuilder.swift */ = {isa = PBXFileReference; lastKnownFileType = sourcecode.swift; path = VisionPromptBuilder.swift; sourceTree = "<group>"; };
		JP0000010000000000000071 /* SwiftDataStoreManager.swift */ = {isa = PBXFileReference; lastKnownFileType = sourcecode.swift; path = SwiftDataStoreManager.swift; sourceTree = "<group>"; };
/* End PBXFileReference section */

/* Begin PBXFileSystemSynchronizedRootGroup section */
		483E42172FED9CD4000AA049 /* Models */ = {
			isa = PBXFileSystemSynchronizedRootGroup;
			path = Models;
			sourceTree = "<group>";
		};
		483E42362FED9DDA000AA049 /* Utilities */ = {
			isa = PBXFileSystemSynchronizedRootGroup;
			path = Utilities;
			sourceTree = "<group>";
		};
		483E42382FED9DE5000AA049 /* Navigation */ = {
			isa = PBXFileSystemSynchronizedRootGroup;
			path = Navigation;
			sourceTree = "<group>";
		};
		483E42392FED9DEC000AA049 /* Recources */ = {
			isa = PBXFileSystemSynchronizedRootGroup;
			path = Recources;
			sourceTree = "<group>";
		};
		483E423A2FED9F85000AA049 /* Dashboard */ = {
			isa = PBXFileSystemSynchronizedRootGroup;
			path = Dashboard;
			sourceTree = "<group>";
		};
		483E423B2FED9F99000AA049 /* Calendar */ = {
			isa = PBXFileSystemSynchronizedRootGroup;
			path = Calendar;
			sourceTree = "<group>";
		};
		483E423C2FED9FA4000AA049 /* AddTrade */ = {
			isa = PBXFileSystemSynchronizedRootGroup;
			path = AddTrade;
			sourceTree = "<group>";
		};
		483E423D2FED9FB2000AA049 /* TradingPlan */ = {
			isa = PBXFileSystemSynchronizedRootGroup;
			path = TradingPlan;
			sourceTree = "<group>";
		};
		483E423E2FED9FBE000AA049 /* Settings */ = {
			isa = PBXFileSystemSynchronizedRootGroup;
			path = Settings;
			sourceTree = "<group>";
		};
		483E423F2FED9FC7000AA049 /* Premium */ = {
			isa = PBXFileSystemSynchronizedRootGroup;
			path = Premium;
			sourceTree = "<group>";
		};
		483E42402FED9FCE000AA049 /* Onboarding */ = {
			isa = PBXFileSystemSynchronizedRootGroup;
			path = Onboarding;
			sourceTree = "<group>";
		};
		483E42412FED9FD6000AA049 /* Authentication */ = {
			isa = PBXFileSystemSynchronizedRootGroup;
			path = Authentication;
			sourceTree = "<group>";
		};
		483E42422FED9FDE000AA049 /* Shared */ = {
			isa = PBXFileSystemSynchronizedRootGroup;
			path = Shared;
			sourceTree = "<group>";
		};
		483E429D2FEDA55D000AA049 /* Database */ = {
			isa = PBXFileSystemSynchronizedRootGroup;
			path = Database;
			sourceTree = "<group>";
		};
		483E429E2FEDA568000AA049 /* Authentication */ = {
			isa = PBXFileSystemSynchronizedRootGroup;
			path = Authentication;
			sourceTree = "<group>";
		};
		483E429F2FEDA575000AA049 /* Analytics */ = {
			isa = PBXFileSystemSynchronizedRootGroup;
			path = Analytics;
			sourceTree = "<group>";
		};
		483E42A02FEDA583000AA049 /* AI */ = {
			isa = PBXFileSystemSynchronizedRootGroup;
			path = AI;
			sourceTree = "<group>";
		};
		483E42A12FEDA590000AA049 /* Export */ = {
			isa = PBXFileSystemSynchronizedRootGroup;
			path = Export;
			sourceTree = "<group>";
		};
/* End PBXFileSystemSynchronizedRootGroup section */

/* Begin PBXFrameworksBuildPhase section */
		483E41FD2FED9962000AA049 /* Frameworks */ = {
			isa = PBXFrameworksBuildPhase;
			buildActionMask = 2147483647;
			files = (
				JP0000010000000000000027 /* Supabase in Frameworks */,
			);
			runOnlyForDeploymentPostprocessing = 0;
		};
/* End PBXFrameworksBuildPhase section */

/* Begin PBXGroup section */
		483E41F72FED9962000AA049 = {
			isa = PBXGroup;
			children = (
				483E42A82FEDA60E000AA049 /* Preview Content */,
				483E42A72FEDA600000AA049 /* Extensions */,
				483E42A62FEDA5E9000AA049 /* Managers */,
				483E42272FED9D29000AA049 /* Resources/Assets.xcassets */,
				483E42172FED9CD4000AA049 /* Models */,
				483E42132FED9C70000AA049 /* ViewModels */,
				483E42142FED9CA4000AA049 /* Services */,
				483E42152FED9CB0000AA049 /* Components */,
				483E42362FED9DDA000AA049 /* Utilities */,
				483E42392FED9DEC000AA049 /* Recources */,
				483E42382FED9DE5000AA049 /* Navigation */,
				483E42122FED9C63000AA049 /* Views */,
				483E42012FED9962000AA049 /* Products */,
			);
			sourceTree = "<group>";
		};
		483E42012FED9962000AA049 /* Products */ = {
			isa = PBXGroup;
			children = (
				483E42002FED9962000AA049 /* Journaling Pips.app */,
			);
			name = Products;
			sourceTree = "<group>";
		};
		483E42122FED9C63000AA049 /* Views */ = {
			isa = PBXGroup;
			children = (
				483E42422FED9FDE000AA049 /* Shared */,
				483E42412FED9FD6000AA049 /* Authentication */,
				483E42402FED9FCE000AA049 /* Onboarding */,
				483E423F2FED9FC7000AA049 /* Premium */,
				483E423E2FED9FBE000AA049 /* Settings */,
				483E423D2FED9FB2000AA049 /* TradingPlan */,
				483E423C2FED9FA4000AA049 /* AddTrade */,
				483E423B2FED9F99000AA049 /* Calendar */,
				483E423A2FED9F85000AA049 /* Dashboard */,
			);
			path = Views;
			sourceTree = "<group>";
		};
		483E42132FED9C70000AA049 /* ViewModels */ = {
			isa = PBXGroup;
			children = (
				JP000001000000000000001C /* AITradeCoachViewModel.swift */,
				JP0000010000000000000018 /* AnalyticsViewModel.swift */,
				JP0000010000000000000035 /* AuthViewModel.swift */,
				JP0000010000000000000014 /* DashboardViewModel.swift */,
				JP0000010000000000000060 /* DisciplineViewModel.swift */,
				JP0000010000000000000069 /* InsightViewModel.swift */,
				JP000001000000000000001A /* PlanViewModel.swift */,
				JP000001000000000000001D /* ReportViewModel.swift */,
				JP000001000000000000001B /* SettingsViewModel.swift */,
				JP0000010000000000000036 /* SyncViewModel.swift */,
				JP0000010000000000000017 /* TradeDetailViewModel.swift */,
				JP0000010000000000000037 /* TradeReplayViewModel.swift */,
				JP0000010000000000000015 /* TradeViewModel.swift */,
			);
			path = ViewModels;
			sourceTree = "<group>";
		};
		483E42142FED9CA4000AA049 /* Services */ = {
			isa = PBXGroup;
			children = (
				JP0000010000000000000066 /* AIReviewRequest.swift */,
				JP000001000000000000006D /* AIBackendConfiguration.swift */,
				JP000001000000000000006E /* AIBackendService.swift */,
				JP0000010000000000000065 /* AIService.swift */,
				JP0000010000000000000030 /* AuthService.swift */,
				JP0000010000000000000061 /* DisciplineTracker.swift */,
				JP0000010000000000000068 /* IntelligenceEngine.swift */,
				JP0000010000000000000067 /* InsightRepository.swift */,
				JP0000010000000000000031 /* KeychainService.swift */,
				JP000001000000000000001F /* PDFExportService.swift */,
				JP0000010000000000000019 /* PlanRepository.swift */,
				JP000001000000000000006B /* ProductionHealthService.swift */,
				JP000001000000000000001E /* ReportGenerator.swift */,
				JP0000010000000000000032 /* SubscriptionManager.swift */,
				JP0000010000000000000033 /* SupabaseConfig.swift */,
				JP0000010000000000000071 /* SwiftDataStoreManager.swift */,
				JP0000010000000000000034 /* SyncService.swift */,
				JP0000010000000000000016 /* TradeRepository.swift */,
				JP000001000000000000006C /* VisionAnalysisService.swift */,
				JP000001000000000000006F /* VisionPromptBuilder.swift */,
				483E42A12FEDA590000AA049 /* Export */,
				483E42A02FEDA583000AA049 /* AI */,
				483E429F2FEDA575000AA049 /* Analytics */,
				483E429E2FEDA568000AA049 /* Authentication */,
				483E429D2FEDA55D000AA049 /* Database */,
			);
			path = Services;
			sourceTree = "<group>";
		};
		483E42152FED9CB0000AA049 /* Components */ = {
			isa = PBXGroup;
			children = (
				JP0000010000000000000063 /* AchievementBadgeView.swift */,
				JP0000010000000000000011 /* GlassCard.swift */,
				JP000001000000000000006A /* InsightCard.swift */,
				JP0000010000000000000012 /* MetricCard.swift */,
				JP0000010000000000000064 /* PremiumPolish.swift */,
				JP0000010000000000000062 /* RingProgressView.swift */,
				JP0000010000000000000013 /* SectionHeader.swift */,
			);
			path = Components;
			sourceTree = "<group>";
		};
		483E42A62FEDA5E9000AA049 /* Managers */ = {
			isa = PBXGroup;
			children = (
			);
			path = Managers;
			sourceTree = "<group>";
		};
		483E42A72FEDA600000AA049 /* Extensions */ = {
			isa = PBXGroup;
			children = (
			);
			path = Extensions;
			sourceTree = "<group>";
		};
		483E42A82FEDA60E000AA049 /* Preview Content */ = {
			isa = PBXGroup;
			children = (
			);
			path = "Preview Content";
			sourceTree = "<group>";
		};
/* End PBXGroup section */

/* Begin PBXNativeTarget section */
		483E41FF2FED9962000AA049 /* Journaling Pips */ = {
			isa = PBXNativeTarget;
			buildConfigurationList = 483E420D2FED9962000AA049 /* Build configuration list for PBXNativeTarget "Journaling Pips" */;
			buildPhases = (
				483E41FC2FED9962000AA049 /* Sources */,
				483E41FD2FED9962000AA049 /* Frameworks */,
				483E41FE2FED9962000AA049 /* Resources */,
			);
			buildRules = (
			);
			dependencies = (
			);
			fileSystemSynchronizedGroups = (
				483E42172FED9CD4000AA049 /* Models */,
				483E42362FED9DDA000AA049 /* Utilities */,
				483E42382FED9DE5000AA049 /* Navigation */,
				483E42392FED9DEC000AA049 /* Recources */,
				483E423A2FED9F85000AA049 /* Dashboard */,
				483E423B2FED9F99000AA049 /* Calendar */,
				483E423C2FED9FA4000AA049 /* AddTrade */,
				483E423D2FED9FB2000AA049 /* TradingPlan */,
				483E423E2FED9FBE000AA049 /* Settings */,
				483E423F2FED9FC7000AA049 /* Premium */,
				483E42402FED9FCE000AA049 /* Onboarding */,
				483E42412FED9FD6000AA049 /* Authentication */,
				483E42422FED9FDE000AA049 /* Shared */,
			);
			name = "Journaling Pips";
			packageProductDependencies = (
				JP0000010000000000000040 /* Supabase */,
			);
			productName = "Journaling Pips";
			productReference = 483E42002FED9962000AA049 /* Journaling Pips.app */;
			productType = "com.apple.product-type.application";
		};
/* End PBXNativeTarget section */

/* Begin PBXProject section */
		483E41F82FED9962000AA049 /* Project object */ = {
			isa = PBXProject;
			attributes = {
				BuildIndependentTargetsInParallel = 1;
				LastSwiftUpdateCheck = 2620;
				LastUpgradeCheck = 2620;
				TargetAttributes = {
					483E41FF2FED9962000AA049 = {
						CreatedOnToolsVersion = 26.2;
					};
				};
			};
			buildConfigurationList = 483E41FB2FED9962000AA049 /* Build configuration list for PBXProject "Journaling Pips" */;
			developmentRegion = en;
			hasScannedForEncodings = 0;
			knownRegions = (
				en,
				Base,
			);
			mainGroup = 483E41F72FED9962000AA049;
			minimizedProjectReferenceProxies = 1;
			packageReferences = (
				JP0000010000000000000041 /* XCRemoteSwiftPackageReference "supabase-swift" */,
			);
			preferredProjectObjectVersion = 77;
			productRefGroup = 483E42012FED9962000AA049 /* Products */;
			projectDirPath = "";
			projectRoot = "";
			targets = (
				483E41FF2FED9962000AA049 /* Journaling Pips */,
			);
		};
/* End PBXProject section */

/* Begin PBXResourcesBuildPhase section */
		483E41FE2FED9962000AA049 /* Resources */ = {
			isa = PBXResourcesBuildPhase;
			buildActionMask = 2147483647;
			files = (
				483E422F2FED9D29000AA049 /* Resources/Assets.xcassets in Resources */,
			);
			runOnlyForDeploymentPostprocessing = 0;
		};
/* End PBXResourcesBuildPhase section */

/* Begin PBXSourcesBuildPhase section */
		483E41FC2FED9962000AA049 /* Sources */ = {
			isa = PBXSourcesBuildPhase;
			buildActionMask = 2147483647;
			files = (
				JP000001000000000000000C /* AITradeCoachViewModel.swift in Sources */,
				JP0000010000000000000008 /* AnalyticsViewModel.swift in Sources */,
				JP0000010000000000000025 /* AuthViewModel.swift in Sources */,
				JP0000010000000000000004 /* DashboardViewModel.swift in Sources */,
				JP0000010000000000000050 /* DisciplineViewModel.swift in Sources */,
				JP0000010000000000000059 /* InsightViewModel.swift in Sources */,
				JP000001000000000000000A /* PlanViewModel.swift in Sources */,
				JP000001000000000000000D /* ReportViewModel.swift in Sources */,
				JP000001000000000000000B /* SettingsViewModel.swift in Sources */,
				JP0000010000000000000026 /* SyncViewModel.swift in Sources */,
				JP0000010000000000000007 /* TradeDetailViewModel.swift in Sources */,
				JP0000010000000000000005 /* TradeViewModel.swift in Sources */,
				JP0000010000000000000020 /* AuthService.swift in Sources */,
				JP0000010000000000000056 /* AIReviewRequest.swift in Sources */,
				JP000001000000000000005D /* AIBackendConfiguration.swift in Sources */,
				JP000001000000000000005E /* AIBackendService.swift in Sources */,
				JP0000010000000000000055 /* AIService.swift in Sources */,
				JP0000010000000000000051 /* DisciplineTracker.swift in Sources */,
				JP0000010000000000000058 /* IntelligenceEngine.swift in Sources */,
				JP0000010000000000000057 /* InsightRepository.swift in Sources */,
				JP0000010000000000000021 /* KeychainService.swift in Sources */,
				JP000001000000000000000F /* PDFExportService.swift in Sources */,
				JP0000010000000000000009 /* PlanRepository.swift in Sources */,
				JP000001000000000000005B /* ProductionHealthService.swift in Sources */,
				JP000001000000000000000E /* ReportGenerator.swift in Sources */,
				JP0000010000000000000022 /* SubscriptionManager.swift in Sources */,
				JP0000010000000000000023 /* SupabaseConfig.swift in Sources */,
				JP0000010000000000000070 /* SwiftDataStoreManager.swift in Sources */,
				JP0000010000000000000024 /* SyncService.swift in Sources */,
				JP0000010000000000000006 /* TradeRepository.swift in Sources */,
				JP000001000000000000005C /* VisionAnalysisService.swift in Sources */,
				JP000001000000000000005F /* VisionPromptBuilder.swift in Sources */,
				JP0000010000000000000028 /* TradeReplayViewModel.swift in Sources */,
				JP0000010000000000000053 /* AchievementBadgeView.swift in Sources */,
				JP0000010000000000000001 /* GlassCard.swift in Sources */,
				JP000001000000000000005A /* InsightCard.swift in Sources */,
				JP0000010000000000000002 /* MetricCard.swift in Sources */,
				JP0000010000000000000054 /* PremiumPolish.swift in Sources */,
				JP0000010000000000000052 /* RingProgressView.swift in Sources */,
				JP0000010000000000000003 /* SectionHeader.swift in Sources */,
			);
			runOnlyForDeploymentPostprocessing = 0;
		};
/* End PBXSourcesBuildPhase section */

/* Begin XCBuildConfiguration section */
		483E420B2FED9962000AA049 /* Debug */ = {
			isa = XCBuildConfiguration;
			buildSettings = {
				ALWAYS_SEARCH_USER_PATHS = NO;
				ASSETCATALOG_COMPILER_GENERATE_SWIFT_ASSET_SYMBOL_EXTENSIONS = YES;
				CLANG_ANALYZER_NONNULL = YES;
				CLANG_ANALYZER_NUMBER_OBJECT_CONVERSION = YES_AGGRESSIVE;
				CLANG_CXX_LANGUAGE_STANDARD = "gnu++20";
				CLANG_ENABLE_MODULES = YES;
				CLANG_ENABLE_OBJC_ARC = YES;
				CLANG_ENABLE_OBJC_WEAK = YES;
				CLANG_WARN_BLOCK_CAPTURE_AUTORELEASING = YES;
				CLANG_WARN_BOOL_CONVERSION = YES;
				CLANG_WARN_COMMA = YES;
				CLANG_WARN_CONSTANT_CONVERSION = YES;
				CLANG_WARN_DEPRECATED_OBJC_IMPLEMENTATIONS = YES;
				CLANG_WARN_DIRECT_OBJC_ISA_USAGE = YES_ERROR;
				CLANG_WARN_DOCUMENTATION_COMMENTS = YES;
				CLANG_WARN_EMPTY_BODY = YES;
				CLANG_WARN_ENUM_CONVERSION = YES;
				CLANG_WARN_INFINITE_RECURSION = YES;
				CLANG_WARN_INT_CONVERSION = YES;
				CLANG_WARN_NON_LITERAL_NULL_CONVERSION = YES;
				CLANG_WARN_OBJC_IMPLICIT_RETAIN_SELF = YES;
				CLANG_WARN_OBJC_LITERAL_CONVERSION = YES;
				CLANG_WARN_OBJC_ROOT_CLASS = YES_ERROR;
				CLANG_WARN_QUOTED_INCLUDE_IN_FRAMEWORK_HEADER = YES;
				CLANG_WARN_RANGE_LOOP_ANALYSIS = YES;
				CLANG_WARN_STRICT_PROTOTYPES = YES;
				CLANG_WARN_SUSPICIOUS_MOVE = YES;
				CLANG_WARN_UNGUARDED_AVAILABILITY = YES_AGGRESSIVE;
				CLANG_WARN_UNREACHABLE_CODE = YES;
				CLANG_WARN__DUPLICATE_METHOD_MATCH = YES;
				COPY_PHASE_STRIP = NO;
				DEBUG_INFORMATION_FORMAT = dwarf;
				DEVELOPMENT_TEAM = 645A25B8U5;
				ENABLE_STRICT_OBJC_MSGSEND = YES;
				ENABLE_TESTABILITY = YES;
				ENABLE_USER_SCRIPT_SANDBOXING = YES;
				GCC_C_LANGUAGE_STANDARD = gnu17;
				GCC_DYNAMIC_NO_PIC = NO;
				GCC_NO_COMMON_BLOCKS = YES;
				GCC_OPTIMIZATION_LEVEL = 0;
				GCC_PREPROCESSOR_DEFINITIONS = (
					"DEBUG=1",
					"$(inherited)",
				);
				GCC_WARN_64_TO_32_BIT_CONVERSION = YES;
				GCC_WARN_ABOUT_RETURN_TYPE = YES_ERROR;
				GCC_WARN_UNDECLARED_SELECTOR = YES;
				GCC_WARN_UNINITIALIZED_AUTOS = YES_AGGRESSIVE;
				GCC_WARN_UNUSED_FUNCTION = YES;
				GCC_WARN_UNUSED_VARIABLE = YES;
				IPHONEOS_DEPLOYMENT_TARGET = 26.2;
				LOCALIZATION_PREFERS_STRING_CATALOGS = YES;
				MTL_ENABLE_DEBUG_INFO = INCLUDE_SOURCE;
				MTL_FAST_MATH = YES;
				ONLY_ACTIVE_ARCH = YES;
				SDKROOT = iphoneos;
				SWIFT_ACTIVE_COMPILATION_CONDITIONS = "DEBUG $(inherited)";
				SWIFT_OPTIMIZATION_LEVEL = "-Onone";
			};
			name = Debug;
		};
		483E420C2FED9962000AA049 /* Release */ = {
			isa = XCBuildConfiguration;
			buildSettings = {
				ALWAYS_SEARCH_USER_PATHS = NO;
				ASSETCATALOG_COMPILER_GENERATE_SWIFT_ASSET_SYMBOL_EXTENSIONS = YES;
				CLANG_ANALYZER_NONNULL = YES;
				CLANG_ANALYZER_NUMBER_OBJECT_CONVERSION = YES_AGGRESSIVE;
				CLANG_CXX_LANGUAGE_STANDARD = "gnu++20";
				CLANG_ENABLE_MODULES = YES;
				CLANG_ENABLE_OBJC_ARC = YES;
				CLANG_ENABLE_OBJC_WEAK = YES;
				CLANG_WARN_BLOCK_CAPTURE_AUTORELEASING = YES;
				CLANG_WARN_BOOL_CONVERSION = YES;
				CLANG_WARN_COMMA = YES;
				CLANG_WARN_CONSTANT_CONVERSION = YES;
				CLANG_WARN_DEPRECATED_OBJC_IMPLEMENTATIONS = YES;
				CLANG_WARN_DIRECT_OBJC_ISA_USAGE = YES_ERROR;
				CLANG_WARN_DOCUMENTATION_COMMENTS = YES;
				CLANG_WARN_EMPTY_BODY = YES;
				CLANG_WARN_ENUM_CONVERSION = YES;
				CLANG_WARN_INFINITE_RECURSION = YES;
				CLANG_WARN_INT_CONVERSION = YES;
				CLANG_WARN_NON_LITERAL_NULL_CONVERSION = YES;
				CLANG_WARN_OBJC_IMPLICIT_RETAIN_SELF = YES;
				CLANG_WARN_OBJC_LITERAL_CONVERSION = YES;
				CLANG_WARN_OBJC_ROOT_CLASS = YES_ERROR;
				CLANG_WARN_QUOTED_INCLUDE_IN_FRAMEWORK_HEADER = YES;
				CLANG_WARN_RANGE_LOOP_ANALYSIS = YES;
				CLANG_WARN_STRICT_PROTOTYPES = YES;
				CLANG_WARN_SUSPICIOUS_MOVE = YES;
				CLANG_WARN_UNGUARDED_AVAILABILITY = YES_AGGRESSIVE;
				CLANG_WARN_UNREACHABLE_CODE = YES;
				CLANG_WARN__DUPLICATE_METHOD_MATCH = YES;
				COPY_PHASE_STRIP = NO;
				DEBUG_INFORMATION_FORMAT = "dwarf-with-dsym";
				DEVELOPMENT_TEAM = 645A25B8U5;
				ENABLE_NS_ASSERTIONS = NO;
				ENABLE_STRICT_OBJC_MSGSEND = YES;
				ENABLE_USER_SCRIPT_SANDBOXING = YES;
				GCC_C_LANGUAGE_STANDARD = gnu17;
				GCC_NO_COMMON_BLOCKS = YES;
				GCC_WARN_64_TO_32_BIT_CONVERSION = YES;
				GCC_WARN_ABOUT_RETURN_TYPE = YES_ERROR;
				GCC_WARN_UNDECLARED_SELECTOR = YES;
				GCC_WARN_UNINITIALIZED_AUTOS = YES_AGGRESSIVE;
				GCC_WARN_UNUSED_FUNCTION = YES;
				GCC_WARN_UNUSED_VARIABLE = YES;
				IPHONEOS_DEPLOYMENT_TARGET = 26.2;
				LOCALIZATION_PREFERS_STRING_CATALOGS = YES;
				MTL_ENABLE_DEBUG_INFO = NO;
				MTL_FAST_MATH = YES;
				SDKROOT = iphoneos;
				SWIFT_COMPILATION_MODE = wholemodule;
				VALIDATE_PRODUCT = YES;
			};
			name = Release;
		};
		483E420E2FED9962000AA049 /* Debug */ = {
			isa = XCBuildConfiguration;
			buildSettings = {
				ASSETCATALOG_COMPILER_APPICON_NAME = AppIcon;
				ASSETCATALOG_COMPILER_GLOBAL_ACCENT_COLOR_NAME = AccentColor;
				CODE_SIGN_STYLE = Automatic;
				CURRENT_PROJECT_VERSION = 4;
				DEVELOPMENT_TEAM = 645A25B8U5;
				ENABLE_PREVIEWS = YES;
				GENERATE_INFOPLIST_FILE = YES;
				INFOPLIST_KEY_CFBundleIconName = AppIcon;
				INFOPLIST_KEY_UIApplicationSceneManifest_Generation = YES;
				INFOPLIST_KEY_UIApplicationSupportsIndirectInputEvents = YES;
				INFOPLIST_KEY_UILaunchScreen_Generation = YES;
				INFOPLIST_KEY_UISupportedInterfaceOrientations_iPad = "UIInterfaceOrientationPortrait UIInterfaceOrientationPortraitUpsideDown UIInterfaceOrientationLandscapeLeft UIInterfaceOrientationLandscapeRight";
				INFOPLIST_KEY_UISupportedInterfaceOrientations_iPhone = "UIInterfaceOrientationPortrait UIInterfaceOrientationLandscapeLeft UIInterfaceOrientationLandscapeRight";
				IPHONEOS_DEPLOYMENT_TARGET = 18.6;
				LD_RUNPATH_SEARCH_PATHS = (
					"$(inherited)",
					"@executable_path/Frameworks",
				);
				MARKETING_VERSION = 1.0;
				PRODUCT_BUNDLE_IDENTIFIER = jamesscharnick.JournalingPips;
				PRODUCT_NAME = "$(TARGET_NAME)";
				STRING_CATALOG_GENERATE_SYMBOLS = YES;
				SWIFT_APPROACHABLE_CONCURRENCY = YES;
				SWIFT_DEFAULT_ACTOR_ISOLATION = MainActor;
				SWIFT_EMIT_LOC_STRINGS = YES;
				SWIFT_UPCOMING_FEATURE_MEMBER_IMPORT_VISIBILITY = YES;
				SWIFT_VERSION = 5.0;
				TARGETED_DEVICE_FAMILY = "1,2";
			};
			name = Debug;
		};
		483E420F2FED9962000AA049 /* Release */ = {
			isa = XCBuildConfiguration;
			buildSettings = {
				ASSETCATALOG_COMPILER_APPICON_NAME = AppIcon;
				ASSETCATALOG_COMPILER_GLOBAL_ACCENT_COLOR_NAME = AccentColor;
				CODE_SIGN_STYLE = Automatic;
				CURRENT_PROJECT_VERSION = 4;
				DEVELOPMENT_TEAM = 645A25B8U5;
				ENABLE_PREVIEWS = YES;
				GENERATE_INFOPLIST_FILE = YES;
				INFOPLIST_KEY_CFBundleIconName = AppIcon;
				INFOPLIST_KEY_UIApplicationSceneManifest_Generation = YES;
				INFOPLIST_KEY_UIApplicationSupportsIndirectInputEvents = YES;
				INFOPLIST_KEY_UILaunchScreen_Generation = YES;
				INFOPLIST_KEY_UISupportedInterfaceOrientations_iPad = "UIInterfaceOrientationPortrait UIInterfaceOrientationPortraitUpsideDown UIInterfaceOrientationLandscapeLeft UIInterfaceOrientationLandscapeRight";
				INFOPLIST_KEY_UISupportedInterfaceOrientations_iPhone = "UIInterfaceOrientationPortrait UIInterfaceOrientationLandscapeLeft UIInterfaceOrientationLandscapeRight";
				IPHONEOS_DEPLOYMENT_TARGET = 18.6;
				LD_RUNPATH_SEARCH_PATHS = (
					"$(inherited)",
					"@executable_path/Frameworks",
				);
				MARKETING_VERSION = 1.0;
				PRODUCT_BUNDLE_IDENTIFIER = jamesscharnick.JournalingPips;
				PRODUCT_NAME = "$(TARGET_NAME)";
				STRING_CATALOG_GENERATE_SYMBOLS = YES;
				SWIFT_APPROACHABLE_CONCURRENCY = YES;
				SWIFT_DEFAULT_ACTOR_ISOLATION = MainActor;
				SWIFT_EMIT_LOC_STRINGS = YES;
				SWIFT_UPCOMING_FEATURE_MEMBER_IMPORT_VISIBILITY = YES;
				SWIFT_VERSION = 5.0;
				TARGETED_DEVICE_FAMILY = "1,2";
			};
			name = Release;
		};
/* End XCBuildConfiguration section */

/* Begin XCConfigurationList section */
		483E41FB2FED9962000AA049 /* Build configuration list for PBXProject "Journaling Pips" */ = {
			isa = XCConfigurationList;
			buildConfigurations = (
				483E420B2FED9962000AA049 /* Debug */,
				483E420C2FED9962000AA049 /* Release */,
			);
			defaultConfigurationIsVisible = 0;
			defaultConfigurationName = Release;
		};
		483E420D2FED9962000AA049 /* Build configuration list for PBXNativeTarget "Journaling Pips" */ = {
			isa = XCConfigurationList;
			buildConfigurations = (
				483E420E2FED9962000AA049 /* Debug */,
				483E420F2FED9962000AA049 /* Release */,
			);
			defaultConfigurationIsVisible = 0;
			defaultConfigurationName = Release;
		};
/* End XCConfigurationList section */

/* Begin XCRemoteSwiftPackageReference section */
		JP0000010000000000000041 /* XCRemoteSwiftPackageReference "supabase-swift" */ = {
			isa = XCRemoteSwiftPackageReference;
			repositoryURL = "https://github.com/supabase/supabase-swift.git";
			requirement = {
				kind = upToNextMajorVersion;
				minimumVersion = 2.0.0;
			};
		};
/* End XCRemoteSwiftPackageReference section */

/* Begin XCSwiftPackageProductDependency section */
		JP0000010000000000000040 /* Supabase */ = {
			isa = XCSwiftPackageProductDependency;
			package = JP0000010000000000000041 /* XCRemoteSwiftPackageReference "supabase-swift" */;
			productName = Supabase;
		};
/* End XCSwiftPackageProductDependency section */
	};
	rootObject = 483E41F82FED9962000AA049 /* Project object */;
}
